
Microsoft Visual Studio Solution File, Format Version 12.00
# Visual Studio Version 17
VisualStudioVersion = 17.0.31919.166
MinimumVisualStudioVersion = 10.0.40219.1
Project("{FAE04EC0-301F-11D3-BF4B-00C04F79EFBC}") = "KiraiMod", "KiraiMod\KiraiMod.csproj", "{0DA10FE1-026A-4948-B1A9-9326CBC0A921}"
EndProject
Project("{9092AA53-FB77-4645-B42D-1CCCA6BD08BD}") = "KiraiMod.Server", "KiraiMod.Server\KiraiMod.Server.njsproj", "{64776A5D-B86C-4C99-905B-E254BD3DB6FD}"
EndProject
Project("{FAE04EC0-301F-11D3-BF4B-00C04F79EFBC}") = "KiraiMod.Loader", "KiraiMod.Loader\KiraiMod.Loader.csproj", "{D0E8D039-39B9-4E95-A9FA-37DF316037C4}"
EndProject
Project("{FAE04EC0-301F-11D3-BF4B-00C04F79EFBC}") = "KiraiMod.Updater", "KiraiMod.Updater\KiraiMod.Updater.csproj", "{93111466-3482-4F58-BB5E-34A7905F4946}"
EndProject
Project("{FAE04EC0-301F-11D3-BF4B-00C04F79EFBC}") = "KiraiMod.Private", "KiraiMod.Private\KiraiMod.Private.csproj", "{07ADDC38-911E-41BC-86D2-CF092E85F226}"
EndProject
Global
	GlobalSection(SolutionConfigurationPlatforms) = preSolution
		Debug|Any CPU = Debug|Any CPU
		Debug|ARM = Debug|ARM
		Debug|ARM64 = Debug|ARM64
		Debug|x64 = Debug|x64
		Debug|x86 = Debug|x86
		Release|Any CPU = Release|Any CPU
		Release|ARM = Release|ARM
		Release|ARM64 = Release|ARM64
		Release|x64 = Release|x64
		Release|x86 = Release|x86
	EndGlobalSection
	GlobalSection(ProjectConfigurationPlatforms) = postSolution
		{0DA10FE1-026A-4948-B1A9-9326CBC0A921}.Debug|Any CPU.ActiveCfg = Debug|Any CPU
		{0DA10FE1-026A-4948-B1A9-9326CBC0A921}.Debug|Any CPU.Build.0 = Debug|Any CPU
		{0DA10FE1-026A-4948-B1A9-9326CBC0A921}.Debug|ARM.ActiveCfg = Debug|Any CPU
		{0DA10FE1-026A-4948-B1A9-9326CBC0A921}.Debug|ARM.Build.0 = Debug|Any CPU
		{0DA10FE1-026A-4948-B1A9-9326CBC0A921}.Debug|ARM64.ActiveCfg = Debug|Any CPU
		{0DA10FE1-026A-4948-B1A9-9326CBC0A921}.Debug|ARM64.Build.0 = Debug|Any CPU
		{0DA10FE1-026A-4948-B1A9-9326CBC0A921}.Debug|x64.ActiveCfg = Debug|Any CPU
		{0DA10FE1-026A-4948-B1A9-9326CBC0A921}.Debug|x64.Build.0 = Debug|Any CPU
		{0DA10FE1-026A-4948-B1A9-9326CBC0A921}.Debug|x86.ActiveCfg = Debug|Any CPU
		{0DA10FE1-026A-4948-B1A9-9326CBC0A921}.Debug|x86.Build.0 = Debug|Any CPU
		{0DA10FE1-026A-4948-B1A9-9326CBC0A921}.Release|Any CPU.ActiveCfg = Release|Any CPU
		{0DA10FE1-026A-4948-B1A9-9326CBC0A921}.Release|Any CPU.Build.0 = Release|Any CPU
		{0DA10FE1-026A-4948-B1A9-9326CBC0A921}.Release|ARM.ActiveCfg = Release|Any CPU
		{0DA10FE1-026A-4948-B1A9-9326CBC0A921}.Release|ARM.Build.0 = Release|Any CPU
		{0DA10FE1-026A-4948-B1A9-9326CBC0A921}.Release|ARM64.ActiveCfg = Release|Any CPU
		{0DA10FE1-026A-4948-B1A9-9326CBC0A921}.Release|ARM64.Build.0 = Release|Any CPU
		{0DA10FE1-026A-4948-B1A9-9326CBC0A921}.Release|x64.ActiveCfg = Release|Any CPU
		{0DA10FE1-026A-4948-B1A9-9326CBC0A921}.Release|x64.Build.0 = Release|Any CPU
		{0DA10FE1-026A-4948-B1A9-9326CBC0A921}.Release|x86.ActiveCfg = Release|Any CPU
		{0DA10FE1-026A-4948-B1A9-9326CBC0A921}.Release|x86.Build.0 = Release|Any CPU
		{64776A5D-B86C-4C99-905B-E254BD3DB6FD}.Debug|Any CPU.ActiveCfg = Debug|Any CPU
		{64776A5D-B86C-4C99-905B-E254BD3DB6FD}.Debug|Any CPU.Build.0 = Debug|Any CPU
		{64776A5D-B86C-4C99-905B-E254BD3DB6FD}.Debug|ARM.ActiveCfg = Debug|Any CPU
		{64776A5D-B86C-4C99-905B-E254BD3DB6FD}.Debug|ARM.Build.0 = Debug|Any CPU
		{64776A5D-B86C-4C99-905B-E254BD3DB6FD}.Debug|ARM64.ActiveCfg = Debug|Any CPU
		{64776A5D-B86C-4C99-905B-E254BD3DB6FD}.Debug|ARM64.Build.0 = Debug|Any CPU
		{64776A5D-B86C-4C99-905B-E254BD3DB6FD}.Debug|x64.ActiveCfg = Debug|Any CPU
		{64776A5D-B86C-4C99-905B-E254BD3DB6FD}.Debug|x64.Build.0 = Debug|Any CPU
		{64776A5D-B86C-4C99-905B-E254BD3DB6FD}.Debug|x86.ActiveCfg = Debug|Any CPU
		{64776A5D-B86C-4C99-905B-E254BD3DB6FD}.Debug|x86.Build.0 = Debug|Any CPU
		{64776A5D-B86C-4C99-905B-E254BD3DB6FD}.Release|Any CPU.ActiveCfg = Release|Any CPU
		{64776A5D-B86C-4C99-905B-E254BD3DB6FD}.Release|Any CPU.Build.0 = Release|Any CPU
		{64776A5D-B86C-4C99-905B-E254BD3DB6FD}.Release|ARM.ActiveCfg = Release|Any CPU
		{64776A5D-B86C-4C99-905B-E254BD3DB6FD}.Release|ARM.Build.0 = Release|Any CPU
		{64776A5D-B86C-4C99-905B-E254BD3DB6FD}.Release|ARM64.ActiveCfg = Release|Any CPU
		{64776A5D-B86C-4C99-905B-E254BD3DB6FD}.Release|ARM64.Build.0 = Release|Any CPU
		{64776A5D-B86C-4C99-905B-E254BD3DB6FD}.Release|x64.ActiveCfg = Release|Any CPU
		{64776A5D-B86C-4C99-905B-E254BD3DB6FD}.Release|x64.Build.0 = Release|Any CPU
		{64776A5D-B86C-4C99-905B-E254BD3DB6FD}.Release|x86.ActiveCfg = Release|Any CPU
		{64776A5D-B86C-4C99-905B-E254BD3DB6FD}.Release|x86.Build.0 = Release|Any CPU
		{D0E8D039-39B9-4E95-A9FA-37DF316037C4}.Debug|Any CPU.ActiveCfg = Debug|Any CPU
		{D0E8D039-39B9-4E95-A9FA-37DF316037C4}.Debug|Any CPU.Build.0 = Debug|Any CPU
		{D0E8D039-39B9-4E95-A9FA-37DF316037C4}.Debug|ARM.ActiveCfg = Debug|Any CPU
		{D0E8D039-39B9-4E95-A9FA-37DF316037C4}.Debug|ARM.Build.0 = Debug|Any CPU
		{D0E8D039-39B9-4E95-A9FA-37DF316037C4}.Debug|ARM64.ActiveCfg = Debug|Any CPU
		{D0E8D039-39B9-4E95-A9FA-37DF316037C4}.Debug|ARM64.Build.0 = Debug|Any CPU
		{D0E8D039-39B9-4E95-A9FA-37DF316037C4}.Debug|x64.ActiveCfg = Debug|Any CPU
		{D0E8D039-39B9-4E95-A9FA-37DF316037C4}.Debug|x64.Build.0 = Debug|Any CPU
		{D0E8D039-39B9-4E95-A9FA-37DF316037C4}.Debug|x86.ActiveCfg = Debug|Any CPU
		{D0E8D039-39B9-4E95-A9FA-37DF316037C4}.Debug|x86.Build.0 = Debug|Any CPU
		{D0E8D039-39B9-4E95-A9FA-37DF316037C4}.Release|Any CPU.ActiveCfg = Release|Any CPU
		{D0E8D039-39B9-4E95-A9FA-37DF316037C4}.Release|Any CPU.Build.0 = Release|Any CPU
		{D0E8D039-39B9-4E95-A9FA-37DF316037C4}.Release|ARM.ActiveCfg = Release|Any CPU
		{D0E8D039-39B9-4E95-A9FA-37DF316037C4}.Release|ARM.Build.0 = Release|Any CPU
		{D0E8D039-39B9-4E95-A9FA-37DF316037C4}.Release|ARM64.ActiveCfg = Release|Any CPU
		{D0E8D039-39B9-4E95-A9FA-37DF316037C4}.Release|ARM64.Build.0 = Release|Any CPU
		{D0E8D039-39B9-4E95-A9FA-37DF316037C4}.Release|x64.ActiveCfg = Release|Any CPU
		{D0E8D039-39B9-4E95-A9FA-37DF316037C4}.Release|x64.Build.0 = Release|Any CPU
		{D0E8D039-39B9-4E95-A9FA-37DF316037C4}.Release|x86.ActiveCfg = Release|Any CPU
		{D0E8D039-39B9-4E95-A9FA-37DF316037C4}.Release|x86.Build.0 = Release|Any CPU
		{93111466-3482-4F58-BB5E-34A7905F4946}.Debug|Any CPU.ActiveCfg = Debug|Any CPU
		{93111466-3482-4F58-BB5E-34A7905F4946}.Debug|Any CPU.Build.0 = Debug|Any CPU
		{93111466-3482-4F58-BB5E-34A7905F4946}.Debug|ARM.ActiveCfg = Debug|Any CPU
		{93111466-3482-4F58-BB5E-34A7905F4946}.Debug|ARM.Build.0 = Debug|Any CPU
		{93111466-3482-4F58-BB5E-34A7905F4946}.Debug|ARM64.ActiveCfg = Debug|Any CPU
		{93111466-3482-4F58-BB5E-34A7905F4946}.Debug|ARM64.Build.0 = Debug|Any CPU
		{93111466-3482-4F58-BB5E-34A7905F4946}.Debug|x64.ActiveCfg = Debug|Any CPU
		{93111466-3482-4F58-BB5E-34A7905F4946}.Debug|x64.Build.0 = Debug|Any CPU
		{93111466-3482-4F58-BB5E-34A7905F4946}.Debug|x86.ActiveCfg = Debug|Any CPU
		{93111466-3482-4F58-BB5E-34A7905F4946}.Debug|x86.Build.0 = Debug|Any CPU
		{93111466-3482-4F58-BB5E-34A7905F4946}.Release|Any CPU.ActiveCfg = Release|Any CPU
		{93111466-3482-4F58-BB5E-34A7905F4946}.Release|Any CPU.Build.0 = Release|Any CPU
		{93111466-3482-4F58-BB5E-34A7905F4946}.Release|ARM.ActiveCfg = Release|Any CPU
		{93111466-3482-4F58-BB5E-34A7905F4946}.Release|ARM.Build.0 = Release|Any CPU
		{93111466-3482-4F58-BB5E-34A7905F4946}.Release|ARM64.ActiveCfg = Release|Any CPU
		{93111466-3482-4F58-BB5E-34A7905F4946}.Release|ARM64.Build.0 = Release|Any CPU
		{93111466-3482-4F58-BB5E-34A7905F4946}.Release|x64.ActiveCfg = Release|Any CPU
		{93111466-3482-4F58-BB5E-34A7905F4946}.Release|x64.Build.0 = Release|Any CPU
		{93111466-3482-4F58-BB5E-34A7905F4946}.Release|x86.ActiveCfg = Release|Any CPU
		{93111466-3482-4F58-BB5E-34A7905F4946}.Release|x86.Build.0 = Release|Any CPU
		{07ADDC38-911E-41BC-86D2-CF092E85F226}.Debug|Any CPU.ActiveCfg = Debug|Any CPU
		{07ADDC38-911E-41BC-86D2-CF092E85F226}.Debug|Any CPU.Build.0 = Debug|Any CPU
		{07ADDC38-911E-41BC-86D2-CF092E85F226}.Debug|ARM.ActiveCfg = Debug|Any CPU
		{07ADDC38-911E-41BC-86D2-CF092E85F226}.Debug|ARM.Build.0 = Debug|Any CPU
		{07ADDC38-911E-41BC-86D2-CF092E85F226}.Debug|ARM64.ActiveCfg = Debug|Any CPU
		{07ADDC38-911E-41BC-86D2-CF092E85F226}.Debug|ARM64.Build.0 = Debug|Any CPU
		{07ADDC38-911E-41BC-86D2-CF092E85F226}.Debug|x64.ActiveCfg = Debug|Any CPU
		{07ADDC38-911E-41BC-86D2-CF092E85F226}.Debug|x64.Build.0 = Debug|Any CPU
		{07ADDC38-911E-41BC-86D2-CF092E85F226}.Debug|x86.ActiveCfg = Debug|Any CPU
		{07ADDC38-911E-41BC-86D2-CF092E85F226}.Debug|x86.Build.0 = Debug|Any CPU
		{07ADDC38-911E-41BC-86D2-CF092E85F226}.Release|Any CPU.ActiveCfg = Release|Any CPU
		{07ADDC38-911E-41BC-86D2-CF092E85F226}.Release|Any CPU.Build.0 = Release|Any CPU
		{07ADDC38-911E-41BC-86D2-CF092E85F226}.Release|ARM.ActiveCfg = Release|Any CPU
		{07ADDC38-911E-41BC-86D2-CF092E85F226}.Release|ARM.Build.0 = Release|Any CPU
		{07ADDC38-911E-41BC-86D2-CF092E85F226}.Release|ARM64.ActiveCfg = Release|Any CPU
		{07ADDC38-911E-41BC-86D2-CF092E85F226}.Release|ARM64.Build.0 = Release|Any CPU
		{07ADDC38-911E-41BC-86D2-CF092E85F226}.Release|x64.ActiveCfg = Release|Any CPU
		{07ADDC38-911E-41BC-86D2-CF092E85F226}.Release|x64.Build.0 = Release|Any CPU
		{07ADDC38-911E-41BC-86D2-CF092E85F226}.Release|x86.ActiveCfg = Release|Any CPU
		{07ADDC38-911E-41BC-86D2-CF092E85F226}.Release|x86.Build.0 = Release|Any CPU
	EndGlobalSection
	GlobalSection(SolutionProperties) = preSolution
		HideSolutionNode = FALSE
	EndGlobalSection
	GlobalSection(ExtensibilityGlobals) = postSolution
		SolutionGuid = {90DE9088-0775-4F10-BB9D-F46439518EB1}
	EndGlobalSection
EndGlobal
