
Microsoft Visual Studio Solution File, Format Version 12.00
# Visual Studio Version 17
VisualStudioVersion = 17.0.31919.166
MinimumVisualStudioVersion = 10.0.40219.1
Project("{9A19103F-16F7-4668-BE54-9A1E7A4F7556}") = "KiraiMod", "KiraiMod\KiraiMod.csproj", "{0DA10FE1-026A-4948-B1A9-9326CBC0A921}"
	ProjectSection(ProjectDependencies) = postProject
		{39F74BA2-CEF6-47F4-B3D1-93E981AC0EAB} = {39F74BA2-CEF6-47F4-B3D1-93E981AC0EAB}
	EndProjectSection
EndProject
Project("{9A19103F-16F7-4668-BE54-9A1E7A4F7556}") = "KiraiMod.Private", "KiraiMod.Private\KiraiMod.Private.csproj", "{07ADDC38-911E-41BC-86D2-CF092E85F226}"
	ProjectSection(ProjectDependencies) = postProject
		{39F74BA2-CEF6-47F4-B3D1-93E981AC0EAB} = {39F74BA2-CEF6-47F4-B3D1-93E981AC0EAB}
	EndProjectSection
EndProject
Project("{9A19103F-16F7-4668-BE54-9A1E7A4F7556}") = "KiraiMod.Core", "KiraiMod.Core\KiraiMod.Core.csproj", "{39F74BA2-CEF6-47F4-B3D1-93E981AC0EAB}"
EndProject
Project("{9A19103F-16F7-4668-BE54-9A1E7A4F7556}") = "TypeScanner", "TypeScanner\TypeScanner.csproj", "{AF1F6EC2-09DA-4EC4-9BE0-D3418FDB5429}"
EndProject
Project("{9A19103F-16F7-4668-BE54-9A1E7A4F7556}") = "KiraiMod.Moderations", "KiraiMod.Moderations\KiraiMod.Moderations.csproj", "{2FE84906-8520-46E3-BEA4-05802E191D5B}"
EndProject
Project("{9A19103F-16F7-4668-BE54-9A1E7A4F7556}") = "KiraiMod.Core.UI", "KiraiMod.Core.UI\KiraiMod.Core.UI.csproj", "{8B7921AA-0870-47DD-BC6C-49995A2544F6}"
EndProject
Project("{FAE04EC0-301F-11D3-BF4B-00C04F79EFBC}") = "ILBreaker", "ILBreaker\ILBreaker.csproj", "{B0FE5610-C307-4D73-9105-573A46E96E9E}"
EndProject
Global
	GlobalSection(SolutionConfigurationPlatforms) = preSolution
		Debug|Any CPU = Debug|Any CPU
		Debug|ARM = Debug|ARM
		Debug|ARM64 = Debug|ARM64
		Debug|x64 = Debug|x64
		Debug|x86 = Debug|x86
		Release|Any CPU = Release|Any CPU
		Release|ARM = Release|ARM
		Release|ARM64 = Release|ARM64
		Release|x64 = Release|x64
		Release|x86 = Release|x86
	EndGlobalSection
	GlobalSection(ProjectConfigurationPlatforms) = postSolution
		{0DA10FE1-026A-4948-B1A9-9326CBC0A921}.Debug|Any CPU.ActiveCfg = Debug|Any CPU
		{0DA10FE1-026A-4948-B1A9-9326CBC0A921}.Debug|Any CPU.Build.0 = Debug|Any CPU
		{0DA10FE1-026A-4948-B1A9-9326CBC0A921}.Debug|ARM.ActiveCfg = Debug|Any CPU
		{0DA10FE1-026A-4948-B1A9-9326CBC0A921}.Debug|ARM.Build.0 = Debug|Any CPU
		{0DA10FE1-026A-4948-B1A9-9326CBC0A921}.Debug|ARM64.ActiveCfg = Debug|Any CPU
		{0DA10FE1-026A-4948-B1A9-9326CBC0A921}.Debug|ARM64.Build.0 = Debug|Any CPU
		{0DA10FE1-026A-4948-B1A9-9326CBC0A921}.Debug|x64.ActiveCfg = Debug|Any CPU
		{0DA10FE1-026A-4948-B1A9-9326CBC0A921}.Debug|x64.Build.0 = Debug|Any CPU
		{0DA10FE1-026A-4948-B1A9-9326CBC0A921}.Debug|x86.ActiveCfg = Debug|Any CPU
		{0DA10FE1-026A-4948-B1A9-9326CBC0A921}.Debug|x86.Build.0 = Debug|Any CPU
		{0DA10FE1-026A-4948-B1A9-9326CBC0A921}.Release|Any CPU.ActiveCfg = Release|Any CPU
		{0DA10FE1-026A-4948-B1A9-9326CBC0A921}.Release|Any CPU.Build.0 = Release|Any CPU
		{0DA10FE1-026A-4948-B1A9-9326CBC0A921}.Release|ARM.ActiveCfg = Release|Any CPU
		{0DA10FE1-026A-4948-B1A9-9326CBC0A921}.Release|ARM.Build.0 = Release|Any CPU
		{0DA10FE1-026A-4948-B1A9-9326CBC0A921}.Release|ARM64.ActiveCfg = Release|Any CPU
		{0DA10FE1-026A-4948-B1A9-9326CBC0A921}.Release|ARM64.Build.0 = Release|Any CPU
		{0DA10FE1-026A-4948-B1A9-9326CBC0A921}.Release|x64.ActiveCfg = Release|Any CPU
		{0DA10FE1-026A-4948-B1A9-9326CBC0A921}.Release|x64.Build.0 = Release|Any CPU
		{0DA10FE1-026A-4948-B1A9-9326CBC0A921}.Release|x86.ActiveCfg = Release|Any CPU
		{0DA10FE1-026A-4948-B1A9-9326CBC0A921}.Release|x86.Build.0 = Release|Any CPU
		{07ADDC38-911E-41BC-86D2-CF092E85F226}.Debug|Any CPU.ActiveCfg = Debug|Any CPU
		{07ADDC38-911E-41BC-86D2-CF092E85F226}.Debug|Any CPU.Build.0 = Debug|Any CPU
		{07ADDC38-911E-41BC-86D2-CF092E85F226}.Debug|ARM.ActiveCfg = Debug|Any CPU
		{07ADDC38-911E-41BC-86D2-CF092E85F226}.Debug|ARM.Build.0 = Debug|Any CPU
		{07ADDC38-911E-41BC-86D2-CF092E85F226}.Debug|ARM64.ActiveCfg = Debug|Any CPU
		{07ADDC38-911E-41BC-86D2-CF092E85F226}.Debug|ARM64.Build.0 = Debug|Any CPU
		{07ADDC38-911E-41BC-86D2-CF092E85F226}.Debug|x64.ActiveCfg = Debug|Any CPU
		{07ADDC38-911E-41BC-86D2-CF092E85F226}.Debug|x64.Build.0 = Debug|Any CPU
		{07ADDC38-911E-41BC-86D2-CF092E85F226}.Debug|x86.ActiveCfg = Debug|Any CPU
		{07ADDC38-911E-41BC-86D2-CF092E85F226}.Debug|x86.Build.0 = Debug|Any CPU
		{07ADDC38-911E-41BC-86D2-CF092E85F226}.Release|Any CPU.ActiveCfg = Release|Any CPU
		{07ADDC38-911E-41BC-86D2-CF092E85F226}.Release|Any CPU.Build.0 = Release|Any CPU
		{07ADDC38-911E-41BC-86D2-CF092E85F226}.Release|ARM.ActiveCfg = Release|Any CPU
		{07ADDC38-911E-41BC-86D2-CF092E85F226}.Release|ARM.Build.0 = Release|Any CPU
		{07ADDC38-911E-41BC-86D2-CF092E85F226}.Release|ARM64.ActiveCfg = Release|Any CPU
		{07ADDC38-911E-41BC-86D2-CF092E85F226}.Release|ARM64.Build.0 = Release|Any CPU
		{07ADDC38-911E-41BC-86D2-CF092E85F226}.Release|x64.ActiveCfg = Release|Any CPU
		{07ADDC38-911E-41BC-86D2-CF092E85F226}.Release|x64.Build.0 = Release|Any CPU
		{07ADDC38-911E-41BC-86D2-CF092E85F226}.Release|x86.ActiveCfg = Release|Any CPU
		{07ADDC38-911E-41BC-86D2-CF092E85F226}.Release|x86.Build.0 = Release|Any CPU
		{39F74BA2-CEF6-47F4-B3D1-93E981AC0EAB}.Debug|Any CPU.ActiveCfg = Debug|Any CPU
		{39F74BA2-CEF6-47F4-B3D1-93E981AC0EAB}.Debug|Any CPU.Build.0 = Debug|Any CPU
		{39F74BA2-CEF6-47F4-B3D1-93E981AC0EAB}.Debug|ARM.ActiveCfg = Debug|Any CPU
		{39F74BA2-CEF6-47F4-B3D1-93E981AC0EAB}.Debug|ARM.Build.0 = Debug|Any CPU
		{39F74BA2-CEF6-47F4-B3D1-93E981AC0EAB}.Debug|ARM64.ActiveCfg = Debug|Any CPU
		{39F74BA2-CEF6-47F4-B3D1-93E981AC0EAB}.Debug|ARM64.Build.0 = Debug|Any CPU
		{39F74BA2-CEF6-47F4-B3D1-93E981AC0EAB}.Debug|x64.ActiveCfg = Debug|Any CPU
		{39F74BA2-CEF6-47F4-B3D1-93E981AC0EAB}.Debug|x64.Build.0 = Debug|Any CPU
		{39F74BA2-CEF6-47F4-B3D1-93E981AC0EAB}.Debug|x86.ActiveCfg = Debug|Any CPU
		{39F74BA2-CEF6-47F4-B3D1-93E981AC0EAB}.Debug|x86.Build.0 = Debug|Any CPU
		{39F74BA2-CEF6-47F4-B3D1-93E981AC0EAB}.Release|Any CPU.ActiveCfg = Release|Any CPU
		{39F74BA2-CEF6-47F4-B3D1-93E981AC0EAB}.Release|Any CPU.Build.0 = Release|Any CPU
		{39F74BA2-CEF6-47F4-B3D1-93E981AC0EAB}.Release|ARM.ActiveCfg = Release|Any CPU
		{39F74BA2-CEF6-47F4-B3D1-93E981AC0EAB}.Release|ARM.Build.0 = Release|Any CPU
		{39F74BA2-CEF6-47F4-B3D1-93E981AC0EAB}.Release|ARM64.ActiveCfg = Release|Any CPU
		{39F74BA2-CEF6-47F4-B3D1-93E981AC0EAB}.Release|ARM64.Build.0 = Release|Any CPU
		{39F74BA2-CEF6-47F4-B3D1-93E981AC0EAB}.Release|x64.ActiveCfg = Release|Any CPU
		{39F74BA2-CEF6-47F4-B3D1-93E981AC0EAB}.Release|x64.Build.0 = Release|Any CPU
		{39F74BA2-CEF6-47F4-B3D1-93E981AC0EAB}.Release|x86.ActiveCfg = Release|Any CPU
		{39F74BA2-CEF6-47F4-B3D1-93E981AC0EAB}.Release|x86.Build.0 = Release|Any CPU
		{AF1F6EC2-09DA-4EC4-9BE0-D3418FDB5429}.Debug|Any CPU.ActiveCfg = Debug|Any CPU
		{AF1F6EC2-09DA-4EC4-9BE0-D3418FDB5429}.Debug|Any CPU.Build.0 = Debug|Any CPU
		{AF1F6EC2-09DA-4EC4-9BE0-D3418FDB5429}.Debug|ARM.ActiveCfg = Debug|Any CPU
		{AF1F6EC2-09DA-4EC4-9BE0-D3418FDB5429}.Debug|ARM.Build.0 = Debug|Any CPU
		{AF1F6EC2-09DA-4EC4-9BE0-D3418FDB5429}.Debug|ARM64.ActiveCfg = Debug|Any CPU
		{AF1F6EC2-09DA-4EC4-9BE0-D3418FDB5429}.Debug|ARM64.Build.0 = Debug|Any CPU
		{AF1F6EC2-09DA-4EC4-9BE0-D3418FDB5429}.Debug|x64.ActiveCfg = Debug|Any CPU
		{AF1F6EC2-09DA-4EC4-9BE0-D3418FDB5429}.Debug|x64.Build.0 = Debug|Any CPU
		{AF1F6EC2-09DA-4EC4-9BE0-D3418FDB5429}.Debug|x86.ActiveCfg = Debug|Any CPU
		{AF1F6EC2-09DA-4EC4-9BE0-D3418FDB5429}.Debug|x86.Build.0 = Debug|Any CPU
		{AF1F6EC2-09DA-4EC4-9BE0-D3418FDB5429}.Release|Any CPU.ActiveCfg = Release|Any CPU
		{AF1F6EC2-09DA-4EC4-9BE0-D3418FDB5429}.Release|Any CPU.Build.0 = Release|Any CPU
		{AF1F6EC2-09DA-4EC4-9BE0-D3418FDB5429}.Release|ARM.ActiveCfg = Release|Any CPU
		{AF1F6EC2-09DA-4EC4-9BE0-D3418FDB5429}.Release|ARM.Build.0 = Release|Any CPU
		{AF1F6EC2-09DA-4EC4-9BE0-D3418FDB5429}.Release|ARM64.ActiveCfg = Release|Any CPU
		{AF1F6EC2-09DA-4EC4-9BE0-D3418FDB5429}.Release|ARM64.Build.0 = Release|Any CPU
		{AF1F6EC2-09DA-4EC4-9BE0-D3418FDB5429}.Release|x64.ActiveCfg = Release|Any CPU
		{AF1F6EC2-09DA-4EC4-9BE0-D3418FDB5429}.Release|x64.Build.0 = Release|Any CPU
		{AF1F6EC2-09DA-4EC4-9BE0-D3418FDB5429}.Release|x86.ActiveCfg = Release|Any CPU
		{AF1F6EC2-09DA-4EC4-9BE0-D3418FDB5429}.Release|x86.Build.0 = Release|Any CPU
		{2FE84906-8520-46E3-BEA4-05802E191D5B}.Debug|Any CPU.ActiveCfg = Debug|Any CPU
		{2FE84906-8520-46E3-BEA4-05802E191D5B}.Debug|Any CPU.Build.0 = Debug|Any CPU
		{2FE84906-8520-46E3-BEA4-05802E191D5B}.Debug|ARM.ActiveCfg = Debug|Any CPU
		{2FE84906-8520-46E3-BEA4-05802E191D5B}.Debug|ARM.Build.0 = Debug|Any CPU
		{2FE84906-8520-46E3-BEA4-05802E191D5B}.Debug|ARM64.ActiveCfg = Debug|Any CPU
		{2FE84906-8520-46E3-BEA4-05802E191D5B}.Debug|ARM64.Build.0 = Debug|Any CPU
		{2FE84906-8520-46E3-BEA4-05802E191D5B}.Debug|x64.ActiveCfg = Debug|Any CPU
		{2FE84906-8520-46E3-BEA4-05802E191D5B}.Debug|x64.Build.0 = Debug|Any CPU
		{2FE84906-8520-46E3-BEA4-05802E191D5B}.Debug|x86.ActiveCfg = Debug|Any CPU
		{2FE84906-8520-46E3-BEA4-05802E191D5B}.Debug|x86.Build.0 = Debug|Any CPU
		{2FE84906-8520-46E3-BEA4-05802E191D5B}.Release|Any CPU.ActiveCfg = Release|Any CPU
		{2FE84906-8520-46E3-BEA4-05802E191D5B}.Release|Any CPU.Build.0 = Release|Any CPU
		{2FE84906-8520-46E3-BEA4-05802E191D5B}.Release|ARM.ActiveCfg = Release|Any CPU
		{2FE84906-8520-46E3-BEA4-05802E191D5B}.Release|ARM.Build.0 = Release|Any CPU
		{2FE84906-8520-46E3-BEA4-05802E191D5B}.Release|ARM64.ActiveCfg = Release|Any CPU
		{2FE84906-8520-46E3-BEA4-05802E191D5B}.Release|ARM64.Build.0 = Release|Any CPU
		{2FE84906-8520-46E3-BEA4-05802E191D5B}.Release|x64.ActiveCfg = Release|Any CPU
		{2FE84906-8520-46E3-BEA4-05802E191D5B}.Release|x64.Build.0 = Release|Any CPU
		{2FE84906-8520-46E3-BEA4-05802E191D5B}.Release|x86.ActiveCfg = Release|Any CPU
		{2FE84906-8520-46E3-BEA4-05802E191D5B}.Release|x86.Build.0 = Release|Any CPU
		{8B7921AA-0870-47DD-BC6C-49995A2544F6}.Debug|Any CPU.ActiveCfg = Debug|Any CPU
		{8B7921AA-0870-47DD-BC6C-49995A2544F6}.Debug|Any CPU.Build.0 = Debug|Any CPU
		{8B7921AA-0870-47DD-BC6C-49995A2544F6}.Debug|ARM.ActiveCfg = Debug|Any CPU
		{8B7921AA-0870-47DD-BC6C-49995A2544F6}.Debug|ARM.Build.0 = Debug|Any CPU
		{8B7921AA-0870-47DD-BC6C-49995A2544F6}.Debug|ARM64.ActiveCfg = Debug|Any CPU
		{8B7921AA-0870-47DD-BC6C-49995A2544F6}.Debug|ARM64.Build.0 = Debug|Any CPU
		{8B7921AA-0870-47DD-BC6C-49995A2544F6}.Debug|x64.ActiveCfg = Debug|Any CPU
		{8B7921AA-0870-47DD-BC6C-49995A2544F6}.Debug|x64.Build.0 = Debug|Any CPU
		{8B7921AA-0870-47DD-BC6C-49995A2544F6}.Debug|x86.ActiveCfg = Debug|Any CPU
		{8B7921AA-0870-47DD-BC6C-49995A2544F6}.Debug|x86.Build.0 = Debug|Any CPU
		{8B7921AA-0870-47DD-BC6C-49995A2544F6}.Release|Any CPU.ActiveCfg = Release|Any CPU
		{8B7921AA-0870-47DD-BC6C-49995A2544F6}.Release|Any CPU.Build.0 = Release|Any CPU
		{8B7921AA-0870-47DD-BC6C-49995A2544F6}.Release|ARM.ActiveCfg = Release|Any CPU
		{8B7921AA-0870-47DD-BC6C-49995A2544F6}.Release|ARM.Build.0 = Release|Any CPU
		{8B7921AA-0870-47DD-BC6C-49995A2544F6}.Release|ARM64.ActiveCfg = Release|Any CPU
		{8B7921AA-0870-47DD-BC6C-49995A2544F6}.Release|ARM64.Build.0 = Release|Any CPU
		{8B7921AA-0870-47DD-BC6C-49995A2544F6}.Release|x64.ActiveCfg = Release|Any CPU
		{8B7921AA-0870-47DD-BC6C-49995A2544F6}.Release|x64.Build.0 = Release|Any CPU
		{8B7921AA-0870-47DD-BC6C-49995A2544F6}.Release|x86.ActiveCfg = Release|Any CPU
		{8B7921AA-0870-47DD-BC6C-49995A2544F6}.Release|x86.Build.0 = Release|Any CPU
		{B0FE5610-C307-4D73-9105-573A46E96E9E}.Debug|Any CPU.ActiveCfg = Debug|Any CPU
		{B0FE5610-C307-4D73-9105-573A46E96E9E}.Debug|Any CPU.Build.0 = Debug|Any CPU
		{B0FE5610-C307-4D73-9105-573A46E96E9E}.Debug|ARM.ActiveCfg = Debug|Any CPU
		{B0FE5610-C307-4D73-9105-573A46E96E9E}.Debug|ARM.Build.0 = Debug|Any CPU
		{B0FE5610-C307-4D73-9105-573A46E96E9E}.Debug|ARM64.ActiveCfg = Debug|Any CPU
		{B0FE5610-C307-4D73-9105-573A46E96E9E}.Debug|ARM64.Build.0 = Debug|Any CPU
		{B0FE5610-C307-4D73-9105-573A46E96E9E}.Debug|x64.ActiveCfg = Debug|Any CPU
		{B0FE5610-C307-4D73-9105-573A46E96E9E}.Debug|x64.Build.0 = Debug|Any CPU
		{B0FE5610-C307-4D73-9105-573A46E96E9E}.Debug|x86.ActiveCfg = Debug|Any CPU
		{B0FE5610-C307-4D73-9105-573A46E96E9E}.Debug|x86.Build.0 = Debug|Any CPU
		{B0FE5610-C307-4D73-9105-573A46E96E9E}.Release|Any CPU.ActiveCfg = Release|Any CPU
		{B0FE5610-C307-4D73-9105-573A46E96E9E}.Release|Any CPU.Build.0 = Release|Any CPU
		{B0FE5610-C307-4D73-9105-573A46E96E9E}.Release|ARM.ActiveCfg = Release|Any CPU
		{B0FE5610-C307-4D73-9105-573A46E96E9E}.Release|ARM.Build.0 = Release|Any CPU
		{B0FE5610-C307-4D73-9105-573A46E96E9E}.Release|ARM64.ActiveCfg = Release|Any CPU
		{B0FE5610-C307-4D73-9105-573A46E96E9E}.Release|ARM64.Build.0 = Release|Any CPU
		{B0FE5610-C307-4D73-9105-573A46E96E9E}.Release|x64.ActiveCfg = Release|Any CPU
		{B0FE5610-C307-4D73-9105-573A46E96E9E}.Release|x64.Build.0 = Release|Any CPU
		{B0FE5610-C307-4D73-9105-573A46E96E9E}.Release|x86.ActiveCfg = Release|Any CPU
		{B0FE5610-C307-4D73-9105-573A46E96E9E}.Release|x86.Build.0 = Release|Any CPU
	EndGlobalSection
	GlobalSection(SolutionProperties) = preSolution
		HideSolutionNode = FALSE
	EndGlobalSection
	GlobalSection(ExtensibilityGlobals) = postSolution
		SolutionGuid = {90DE9088-0775-4F10-BB9D-F46439518EB1}
	EndGlobalSection
EndGlobal
